
Microsoft Visual Studio Solution File, Format Version 12.00
# Visual Studio Version 17
VisualStudioVersion = 17.8.34309.116
MinimumVisualStudioVersion = 10.0.40219.1
Project("{FAE04EC0-301F-11D3-BF4B-00C04F79EFBC}") = "події", "події\події.csproj", "{AC844F54-53CC-49ED-A672-5B4839BE8C9C}"
EndProject
Global
	GlobalSection(SolutionConfigurationPlatforms) = preSolution
		Debug|Any CPU = Debug|Any CPU
		Release|Any CPU = Release|Any CPU
	EndGlobalSection
	GlobalSection(ProjectConfigurationPlatforms) = postSolution
		{AC844F54-53CC-49ED-A672-5B4839BE8C9C}.Debug|Any CPU.ActiveCfg = Debug|Any CPU
		{AC844F54-53CC-49ED-A672-5B4839BE8C9C}.Debug|Any CPU.Build.0 = Debug|Any CPU
		{AC844F54-53CC-49ED-A672-5B4839BE8C9C}.Release|Any CPU.ActiveCfg = Release|Any CPU
		{AC844F54-53CC-49ED-A672-5B4839BE8C9C}.Release|Any CPU.Build.0 = Release|Any CPU
	EndGlobalSection
	GlobalSection(SolutionProperties) = preSolution
		HideSolutionNode = FALSE
	EndGlobalSection
	GlobalSection(ExtensibilityGlobals) = postSolution
		SolutionGuid = {CACA27BB-EF5F-4AC1-B3A9-90818DF69579}
	EndGlobalSection
EndGlobal
